// !$*UTF8*$!
{
	archiveVersion = 1;
	classes = {
	};
	objectVersion = 56;
	objects = {

/* Begin PBXBuildFile section */
		C935FD2C2AC9FBF0003F04B1 /* AppDelegate.swift in Sources */ = {isa = PBXBuildFile; fileRef = C935FD2B2AC9FBF0003F04B1 /* AppDelegate.swift */; };
		C935FD2E2AC9FBF0003F04B1 /* SceneDelegate.swift in Sources */ = {isa = PBXBuildFile; fileRef = C935FD2D2AC9FBF0003F04B1 /* SceneDelegate.swift */; };
		C935FD302AC9FBF0003F04B1 /* ViewController.swift in Sources */ = {isa = PBXBuildFile; fileRef = C935FD2F2AC9FBF0003F04B1 /* ViewController.swift */; };
		C935FD332AC9FBF0003F04B1 /* Main.storyboard in Resources */ = {isa = PBXBuildFile; fileRef = C935FD312AC9FBF0003F04B1 /* Main.storyboard */; };
		C935FD352AC9FBF2003F04B1 /* Assets.xcassets in Resources */ = {isa = PBXBuildFile; fileRef = C935FD342AC9FBF2003F04B1 /* Assets.xcassets */; };
		C935FD382AC9FBF2003F04B1 /* LaunchScreen.storyboard in Resources */ = {isa = PBXBuildFile; fileRef = C935FD362AC9FBF2003F04B1 /* LaunchScreen.storyboard */; };
		C935FD422AC9FDAE003F04B1 /* Factory.swift in Sources */ = {isa = PBXBuildFile; fileRef = C935FD412AC9FDAE003F04B1 /* Factory.swift */; };
		C935FD442AC9FE05003F04B1 /* DocumentViewController.swift in Sources */ = {isa = PBXBuildFile; fileRef = C935FD432AC9FE05003F04B1 /* DocumentViewController.swift */; };
		C935FD462AC9FE35003F04B1 /* DoumentList.swift in Sources */ = {isa = PBXBuildFile; fileRef = C935FD452AC9FE35003F04B1 /* DoumentList.swift */; };
		C935FD482AC9FE5C003F04B1 /* DocumentsTableViewCell.swift in Sources */ = {isa = PBXBuildFile; fileRef = C935FD472AC9FE5C003F04B1 /* DocumentsTableViewCell.swift */; };
		C935FD4A2AC9FE8A003F04B1 /* ImagePicker.swift in Sources */ = {isa = PBXBuildFile; fileRef = C935FD492AC9FE8A003F04B1 /* ImagePicker.swift */; };
		C935FD4D2AC9FF74003F04B1 /* MainCoordinator.swift in Sources */ = {isa = PBXBuildFile; fileRef = C935FD4C2AC9FF74003F04B1 /* MainCoordinator.swift */; };
		C935FD4F2AC9FF8D003F04B1 /* MainTabBarController.swift in Sources */ = {isa = PBXBuildFile; fileRef = C935FD4E2AC9FF8D003F04B1 /* MainTabBarController.swift */; };
/* End PBXBuildFile section */

/* Begin PBXFileReference section */
		C935FD282AC9FBF0003F04B1 /* FileProject.app */ = {isa = PBXFileReference; explicitFileType = wrapper.application; includeInIndex = 0; path = FileProject.app; sourceTree = BUILT_PRODUCTS_DIR; };
		C935FD2B2AC9FBF0003F04B1 /* AppDelegate.swift */ = {isa = PBXFileReference; lastKnownFileType = sourcecode.swift; path = AppDelegate.swift; sourceTree = "<group>"; };
		C935FD2D2AC9FBF0003F04B1 /* SceneDelegate.swift */ = {isa = PBXFileReference; lastKnownFileType = sourcecode.swift; path = SceneDelegate.swift; sourceTree = "<group>"; };
		C935FD2F2AC9FBF0003F04B1 /* ViewController.swift */ = {isa = PBXFileReference; lastKnownFileType = sourcecode.swift; path = ViewController.swift; sourceTree = "<group>"; };
		C935FD322AC9FBF0003F04B1 /* Base */ = {isa = PBXFileReference; lastKnownFileType = file.storyboard; name = Base; path = Base.lproj/Main.storyboard; sourceTree = "<group>"; };
		C935FD342AC9FBF2003F04B1 /* Assets.xcassets */ = {isa = PBXFileReference; lastKnownFileType = folder.assetcatalog; path = Assets.xcassets; sourceTree = "<group>"; };
		C935FD372AC9FBF2003F04B1 /* Base */ = {isa = PBXFileReference; lastKnownFileType = file.storyboard; name = Base; path = Base.lproj/LaunchScreen.storyboard; sourceTree = "<group>"; };
		C935FD392AC9FBF2003F04B1 /* Info.plist */ = {isa = PBXFileReference; lastKnownFileType = text.plist.xml; path = Info.plist; sourceTree = "<group>"; };
		C935FD412AC9FDAE003F04B1 /* Factory.swift */ = {isa = PBXFileReference; lastKnownFileType = sourcecode.swift; path = Factory.swift; sourceTree = "<group>"; };
		C935FD432AC9FE05003F04B1 /* DocumentViewController.swift */ = {isa = PBXFileReference; lastKnownFileType = sourcecode.swift; path = DocumentViewController.swift; sourceTree = "<group>"; };
		C935FD452AC9FE35003F04B1 /* DoumentList.swift */ = {isa = PBXFileReference; lastKnownFileType = sourcecode.swift; path = DoumentList.swift; sourceTree = "<group>"; };
		C935FD472AC9FE5C003F04B1 /* DocumentsTableViewCell.swift */ = {isa = PBXFileReference; lastKnownFileType = sourcecode.swift; path = DocumentsTableViewCell.swift; sourceTree = "<group>"; };
		C935FD492AC9FE8A003F04B1 /* ImagePicker.swift */ = {isa = PBXFileReference; lastKnownFileType = sourcecode.swift; path = ImagePicker.swift; sourceTree = "<group>"; };
		C935FD4C2AC9FF74003F04B1 /* MainCoordinator.swift */ = {isa = PBXFileReference; lastKnownFileType = sourcecode.swift; path = MainCoordinator.swift; sourceTree = "<group>"; };
		C935FD4E2AC9FF8D003F04B1 /* MainTabBarController.swift */ = {isa = PBXFileReference; lastKnownFileType = sourcecode.swift; path = MainTabBarController.swift; sourceTree = "<group>"; };
/* End PBXFileReference section */

/* Begin PBXFrameworksBuildPhase section */
		C935FD252AC9FBF0003F04B1 /* Frameworks */ = {
			isa = PBXFrameworksBuildPhase;
			buildActionMask = 2147483647;
			files = (
			);
			runOnlyForDeploymentPostprocessing = 0;
		};
/* End PBXFrameworksBuildPhase section */

/* Begin PBXGroup section */
		C935FD1F2AC9FBF0003F04B1 = {
			isa = PBXGroup;
			children = (
				C935FD2A2AC9FBF0003F04B1 /* FileProject */,
				C935FD292AC9FBF0003F04B1 /* Products */,
			);
			sourceTree = "<group>";
		};
		C935FD292AC9FBF0003F04B1 /* Products */ = {
			isa = PBXGroup;
			children = (
				C935FD282AC9FBF0003F04B1 /* FileProject.app */,
			);
			name = Products;
			sourceTree = "<group>";
		};
		C935FD2A2AC9FBF0003F04B1 /* FileProject */ = {
			isa = PBXGroup;
			children = (
				C935FD2B2AC9FBF0003F04B1 /* AppDelegate.swift */,
				C935FD2D2AC9FBF0003F04B1 /* SceneDelegate.swift */,
				C935FD2F2AC9FBF0003F04B1 /* ViewController.swift */,
				C935FD312AC9FBF0003F04B1 /* Main.storyboard */,
				C935FD342AC9FBF2003F04B1 /* Assets.xcassets */,
				C935FD362AC9FBF2003F04B1 /* LaunchScreen.storyboard */,
				C935FD392AC9FBF2003F04B1 /* Info.plist */,
				C935FD412AC9FDAE003F04B1 /* Factory.swift */,
				C935FD432AC9FE05003F04B1 /* DocumentViewController.swift */,
				C935FD452AC9FE35003F04B1 /* DoumentList.swift */,
				C935FD472AC9FE5C003F04B1 /* DocumentsTableViewCell.swift */,
				C935FD492AC9FE8A003F04B1 /* ImagePicker.swift */,
				C935FD4C2AC9FF74003F04B1 /* MainCoordinator.swift */,
				C935FD4E2AC9FF8D003F04B1 /* MainTabBarController.swift */,
			);
			path = FileProject;
			sourceTree = "<group>";
		};
/* End PBXGroup section */

/* Begin PBXNativeTarget section */
		C935FD272AC9FBF0003F04B1 /* FileProject */ = {
			isa = PBXNativeTarget;
			buildConfigurationList = C935FD3C2AC9FBF2003F04B1 /* Build configuration list for PBXNativeTarget "FileProject" */;
			buildPhases = (
				C935FD242AC9FBF0003F04B1 /* Sources */,
				C935FD252AC9FBF0003F04B1 /* Frameworks */,
				C935FD262AC9FBF0003F04B1 /* Resources */,
			);
			buildRules = (
			);
			dependencies = (
			);
			name = FileProject;
			productName = FileProject;
			productReference = C935FD282AC9FBF0003F04B1 /* FileProject.app */;
			productType = "com.apple.product-type.application";
		};
/* End PBXNativeTarget section */

/* Begin PBXProject section */
		C935FD202AC9FBF0003F04B1 /* Project object */ = {
			isa = PBXProject;
			attributes = {
				BuildIndependentTargetsInParallel = 1;
				LastSwiftUpdateCheck = 1430;
				LastUpgradeCheck = 1430;
				TargetAttributes = {
					C935FD272AC9FBF0003F04B1 = {
						CreatedOnToolsVersion = 14.3.1;
					};
				};
			};
			buildConfigurationList = C935FD232AC9FBF0003F04B1 /* Build configuration list for PBXProject "FileProject" */;
			compatibilityVersion = "Xcode 14.0";
			developmentRegion = en;
			hasScannedForEncodings = 0;
			knownRegions = (
				en,
				Base,
			);
			mainGroup = C935FD1F2AC9FBF0003F04B1;
			productRefGroup = C935FD292AC9FBF0003F04B1 /* Products */;
			projectDirPath = "";
			projectRoot = "";
			targets = (
				C935FD272AC9FBF0003F04B1 /* FileProject */,
			);
		};
/* End PBXProject section */

/* Begin PBXResourcesBuildPhase section */
		C935FD262AC9FBF0003F04B1 /* Resources */ = {
			isa = PBXResourcesBuildPhase;
			buildActionMask = 2147483647;
			files = (
				C935FD382AC9FBF2003F04B1 /* LaunchScreen.storyboard in Resources */,
				C935FD352AC9FBF2003F04B1 /* Assets.xcassets in Resources */,
				C935FD332AC9FBF0003F04B1 /* Main.storyboard in Resources */,
			);
			runOnlyForDeploymentPostprocessing = 0;
		};
/* End PBXResourcesBuildPhase section */

/* Begin PBXSourcesBuildPhase section */
		C935FD242AC9FBF0003F04B1 /* Sources */ = {
			isa = PBXSourcesBuildPhase;
			buildActionMask = 2147483647;
			files = (
				C935FD482AC9FE5C003F04B1 /* DocumentsTableViewCell.swift in Sources */,
				C935FD442AC9FE05003F04B1 /* DocumentViewController.swift in Sources */,
				C935FD4F2AC9FF8D003F04B1 /* MainTabBarController.swift in Sources */,
				C935FD422AC9FDAE003F04B1 /* Factory.swift in Sources */,
				C935FD462AC9FE35003F04B1 /* DoumentList.swift in Sources */,
				C935FD302AC9FBF0003F04B1 /* ViewController.swift in Sources */,
				C935FD4A2AC9FE8A003F04B1 /* ImagePicker.swift in Sources */,
				C935FD2C2AC9FBF0003F04B1 /* AppDelegate.swift in Sources */,
				C935FD4D2AC9FF74003F04B1 /* MainCoordinator.swift in Sources */,
				C935FD2E2AC9FBF0003F04B1 /* SceneDelegate.swift in Sources */,
			);
			runOnlyForDeploymentPostprocessing = 0;
		};
/* End PBXSourcesBuildPhase section */

/* Begin PBXVariantGroup section */
		C935FD312AC9FBF0003F04B1 /* Main.storyboard */ = {
			isa = PBXVariantGroup;
			children = (
				C935FD322AC9FBF0003F04B1 /* Base */,
			);
			name = Main.storyboard;
			sourceTree = "<group>";
		};
		C935FD362AC9FBF2003F04B1 /* LaunchScreen.storyboard */ = {
			isa = PBXVariantGroup;
			children = (
				C935FD372AC9FBF2003F04B1 /* Base */,
			);
			name = LaunchScreen.storyboard;
			sourceTree = "<group>";
		};
/* End PBXVariantGroup section */

/* Begin XCBuildConfiguration section */
		C935FD3A2AC9FBF2003F04B1 /* Debug */ = {
			isa = XCBuildConfiguration;
			buildSettings = {
				ALWAYS_SEARCH_USER_PATHS = NO;
				CLANG_ANALYZER_NONNULL = YES;
				CLANG_ANALYZER_NUMBER_OBJECT_CONVERSION = YES_AGGRESSIVE;
				CLANG_CXX_LANGUAGE_STANDARD = "gnu++20";
				CLANG_ENABLE_MODULES = YES;
				CLANG_ENABLE_OBJC_ARC = YES;
				CLANG_ENABLE_OBJC_WEAK = YES;
				CLANG_WARN_BLOCK_CAPTURE_AUTORELEASING = YES;
				CLANG_WARN_BOOL_CONVERSION = YES;
				CLANG_WARN_COMMA = YES;
				CLANG_WARN_CONSTANT_CONVERSION = YES;
				CLANG_WARN_DEPRECATED_OBJC_IMPLEMENTATIONS = YES;
				CLANG_WARN_DIRECT_OBJC_ISA_USAGE = YES_ERROR;
				CLANG_WARN_DOCUMENTATION_COMMENTS = YES;
				CLANG_WARN_EMPTY_BODY = YES;
				CLANG_WARN_ENUM_CONVERSION = YES;
				CLANG_WARN_INFINITE_RECURSION = YES;
				CLANG_WARN_INT_CONVERSION = YES;
				CLANG_WARN_NON_LITERAL_NULL_CONVERSION = YES;
				CLANG_WARN_OBJC_IMPLICIT_RETAIN_SELF = YES;
				CLANG_WARN_OBJC_LITERAL_CONVERSION = YES;
				CLANG_WARN_OBJC_ROOT_CLASS = YES_ERROR;
				CLANG_WARN_QUOTED_INCLUDE_IN_FRAMEWORK_HEADER = YES;
				CLANG_WARN_RANGE_LOOP_ANALYSIS = YES;
				CLANG_WARN_STRICT_PROTOTYPES = YES;
				CLANG_WARN_SUSPICIOUS_MOVE = YES;
				CLANG_WARN_UNGUARDED_AVAILABILITY = YES_AGGRESSIVE;
				CLANG_WARN_UNREACHABLE_CODE = YES;
				CLANG_WARN__DUPLICATE_METHOD_MATCH = YES;
				COPY_PHASE_STRIP = NO;
				DEBUG_INFORMATION_FORMAT = dwarf;
				ENABLE_STRICT_OBJC_MSGSEND = YES;
				ENABLE_TESTABILITY = YES;
				GCC_C_LANGUAGE_STANDARD = gnu11;
				GCC_DYNAMIC_NO_PIC = NO;
				GCC_NO_COMMON_BLOCKS = YES;
				GCC_OPTIMIZATION_LEVEL = 0;
				GCC_PREPROCESSOR_DEFINITIONS = (
					"DEBUG=1",
					"$(inherited)",
				);
				GCC_WARN_64_TO_32_BIT_CONVERSION = YES;
				GCC_WARN_ABOUT_RETURN_TYPE = YES_ERROR;
				GCC_WARN_UNDECLARED_SELECTOR = YES;
				GCC_WARN_UNINITIALIZED_AUTOS = YES_AGGRESSIVE;
				GCC_WARN_UNUSED_FUNCTION = YES;
				GCC_WARN_UNUSED_VARIABLE = YES;
				IPHONEOS_DEPLOYMENT_TARGET = 16.4;
				MTL_ENABLE_DEBUG_INFO = INCLUDE_SOURCE;
				MTL_FAST_MATH = YES;
				ONLY_ACTIVE_ARCH = YES;
				SDKROOT = iphoneos;
				SWIFT_ACTIVE_COMPILATION_CONDITIONS = DEBUG;
				SWIFT_OPTIMIZATION_LEVEL = "-Onone";
			};
			name = Debug;
		};
		C935FD3B2AC9FBF2003F04B1 /* Release */ = {
			isa = XCBuildConfiguration;
			buildSettings = {
				ALWAYS_SEARCH_USER_PATHS = NO;
				CLANG_ANALYZER_NONNULL = YES;
				CLANG_ANALYZER_NUMBER_OBJECT_CONVERSION = YES_AGGRESSIVE;
				CLANG_CXX_LANGUAGE_STANDARD = "gnu++20";
				CLANG_ENABLE_MODULES = YES;
				CLANG_ENABLE_OBJC_ARC = YES;
				CLANG_ENABLE_OBJC_WEAK = YES;
				CLANG_WARN_BLOCK_CAPTURE_AUTORELEASING = YES;
				CLANG_WARN_BOOL_CONVERSION = YES;
				CLANG_WARN_COMMA = YES;
				CLANG_WARN_CONSTANT_CONVERSION = YES;
				CLANG_WARN_DEPRECATED_OBJC_IMPLEMENTATIONS = YES;
				CLANG_WARN_DIRECT_OBJC_ISA_USAGE = YES_ERROR;
				CLANG_WARN_DOCUMENTATION_COMMENTS = YES;
				CLANG_WARN_EMPTY_BODY = YES;
				CLANG_WARN_ENUM_CONVERSION = YES;
				CLANG_WARN_INFINITE_RECURSION = YES;
				CLANG_WARN_INT_CONVERSION = YES;
				CLANG_WARN_NON_LITERAL_NULL_CONVERSION = YES;
				CLANG_WARN_OBJC_IMPLICIT_RETAIN_SELF = YES;
				CLANG_WARN_OBJC_LITERAL_CONVERSION = YES;
				CLANG_WARN_OBJC_ROOT_CLASS = YES_ERROR;
				CLANG_WARN_QUOTED_INCLUDE_IN_FRAMEWORK_HEADER = YES;
				CLANG_WARN_RANGE_LOOP_ANALYSIS = YES;
				CLANG_WARN_STRICT_PROTOTYPES = YES;
				CLANG_WARN_SUSPICIOUS_MOVE = YES;
				CLANG_WARN_UNGUARDED_AVAILABILITY = YES_AGGRESSIVE;
				CLANG_WARN_UNREACHABLE_CODE = YES;
				CLANG_WARN__DUPLICATE_METHOD_MATCH = YES;
				COPY_PHASE_STRIP = NO;
				DEBUG_INFORMATION_FORMAT = "dwarf-with-dsym";
				ENABLE_NS_ASSERTIONS = NO;
				ENABLE_STRICT_OBJC_MSGSEND = YES;
				GCC_C_LANGUAGE_STANDARD = gnu11;
				GCC_NO_COMMON_BLOCKS = YES;
				GCC_WARN_64_TO_32_BIT_CONVERSION = YES;
				GCC_WARN_ABOUT_RETURN_TYPE = YES_ERROR;
				GCC_WARN_UNDECLARED_SELECTOR = YES;
				GCC_WARN_UNINITIALIZED_AUTOS = YES_AGGRESSIVE;
				GCC_WARN_UNUSED_FUNCTION = YES;
				GCC_WARN_UNUSED_VARIABLE = YES;
				IPHONEOS_DEPLOYMENT_TARGET = 16.4;
				MTL_ENABLE_DEBUG_INFO = NO;
				MTL_FAST_MATH = YES;
				SDKROOT = iphoneos;
				SWIFT_COMPILATION_MODE = wholemodule;
				SWIFT_OPTIMIZATION_LEVEL = "-O";
				VALIDATE_PRODUCT = YES;
			};
			name = Release;
		};
		C935FD3D2AC9FBF2003F04B1 /* Debug */ = {
			isa = XCBuildConfiguration;
			buildSettings = {
				ASSETCATALOG_COMPILER_APPICON_NAME = AppIcon;
				ASSETCATALOG_COMPILER_GLOBAL_ACCENT_COLOR_NAME = AccentColor;
				CODE_SIGN_STYLE = Automatic;
				CURRENT_PROJECT_VERSION = 1;
				GENERATE_INFOPLIST_FILE = YES;
				INFOPLIST_FILE = FileProject/Info.plist;
				INFOPLIST_KEY_UIApplicationSupportsIndirectInputEvents = YES;
				INFOPLIST_KEY_UILaunchStoryboardName = LaunchScreen;
				INFOPLIST_KEY_UIMainStoryboardFile = Main;
				INFOPLIST_KEY_UISupportedInterfaceOrientations_iPad = "UIInterfaceOrientationPortrait UIInterfaceOrientationPortraitUpsideDown UIInterfaceOrientationLandscapeLeft UIInterfaceOrientationLandscapeRight";
				INFOPLIST_KEY_UISupportedInterfaceOrientations_iPhone = "UIInterfaceOrientationPortrait UIInterfaceOrientationLandscapeLeft UIInterfaceOrientationLandscapeRight";
				LD_RUNPATH_SEARCH_PATHS = (
					"$(inherited)",
					"@executable_path/Frameworks",
				);
				MARKETING_VERSION = 1.0;
				PRODUCT_BUNDLE_IDENTIFIER = DmitrySkorodumov.FileProject;
				PRODUCT_NAME = "$(TARGET_NAME)";
				SWIFT_EMIT_LOC_STRINGS = YES;
				SWIFT_VERSION = 5.0;
				TARGETED_DEVICE_FAMILY = "1,2";
			};
			name = Debug;
		};
		C935FD3E2AC9FBF2003F04B1 /* Release */ = {
			isa = XCBuildConfiguration;
			buildSettings = {
				ASSETCATALOG_COMPILER_APPICON_NAME = AppIcon;
				ASSETCATALOG_COMPILER_GLOBAL_ACCENT_COLOR_NAME = AccentColor;
				CODE_SIGN_STYLE = Automatic;
				CURRENT_PROJECT_VERSION = 1;
				GENERATE_INFOPLIST_FILE = YES;
				INFOPLIST_FILE = FileProject/Info.plist;
				INFOPLIST_KEY_UIApplicationSupportsIndirectInputEvents = YES;
				INFOPLIST_KEY_UILaunchStoryboardName = LaunchScreen;
				INFOPLIST_KEY_UIMainStoryboardFile = Main;
				INFOPLIST_KEY_UISupportedInterfaceOrientations_iPad = "UIInterfaceOrientationPortrait UIInterfaceOrientationPortraitUpsideDown UIInterfaceOrientationLandscapeLeft UIInterfaceOrientationLandscapeRight";
				INFOPLIST_KEY_UISupportedInterfaceOrientations_iPhone = "UIInterfaceOrientationPortrait UIInterfaceOrientationLandscapeLeft UIInterfaceOrientationLandscapeRight";
				LD_RUNPATH_SEARCH_PATHS = (
					"$(inherited)",
					"@executable_path/Frameworks",
				);
				MARKETING_VERSION = 1.0;
				PRODUCT_BUNDLE_IDENTIFIER = DmitrySkorodumov.FileProject;
				PRODUCT_NAME = "$(TARGET_NAME)";
				SWIFT_EMIT_LOC_STRINGS = YES;
				SWIFT_VERSION = 5.0;
				TARGETED_DEVICE_FAMILY = "1,2";
			};
			name = Release;
		};
/* End XCBuildConfiguration section */

/* Begin XCConfigurationList section */
		C935FD232AC9FBF0003F04B1 /* Build configuration list for PBXProject "FileProject" */ = {
			isa = XCConfigurationList;
			buildConfigurations = (
				C935FD3A2AC9FBF2003F04B1 /* Debug */,
				C935FD3B2AC9FBF2003F04B1 /* Release */,
			);
			defaultConfigurationIsVisible = 0;
			defaultConfigurationName = Release;
		};
		C935FD3C2AC9FBF2003F04B1 /* Build configuration list for PBXNativeTarget "FileProject" */ = {
			isa = XCConfigurationList;
			buildConfigurations = (
				C935FD3D2AC9FBF2003F04B1 /* Debug */,
				C935FD3E2AC9FBF2003F04B1 /* Release */,
			);
			defaultConfigurationIsVisible = 0;
			defaultConfigurationName = Release;
		};
/* End XCConfigurationList section */
	};
	rootObject = C935FD202AC9FBF0003F04B1 /* Project object */;
}
